
Microsoft Visual Studio Solution File, Format Version 12.00
Project("{FAE04EC0-301F-11D3-BF4B-00C04F79EFBC}") = "WordAssociations", "WordAssociations\WordAssociations.csproj", "{5A1F1BB0-F7B5-47D6-86F1-29D9435BBBBE}"
EndProject
Global
	GlobalSection(SolutionConfigurationPlatforms) = preSolution
		Debug|Any CPU = Debug|Any CPU
		Release|Any CPU = Release|Any CPU
	EndGlobalSection
	GlobalSection(ProjectConfigurationPlatforms) = postSolution
		{5A1F1BB0-F7B5-47D6-86F1-29D9435BBBBE}.Debug|Any CPU.ActiveCfg = Debug|Any CPU
		{5A1F1BB0-F7B5-47D6-86F1-29D9435BBBBE}.Debug|Any CPU.Build.0 = Debug|Any CPU
		{5A1F1BB0-F7B5-47D6-86F1-29D9435BBBBE}.Release|Any CPU.ActiveCfg = Release|Any CPU
		{5A1F1BB0-F7B5-47D6-86F1-29D9435BBBBE}.Release|Any CPU.Build.0 = Release|Any CPU
	EndGlobalSection
EndGlobal
